
Microsoft Visual Studio Solution File, Format Version 12.00
# Visual Studio Version 17
VisualStudioVersion = 17.7.34031.279
MinimumVisualStudioVersion = 10.0.40219.1
Project("{FAE04EC0-301F-11D3-BF4B-00C04F79EFBC}") = "BodyMassIndex.Console", "BodyMassIndex.Console\BodyMassIndex.Console.csproj", "{D41D919F-2B8A-48E4-BE8C-9FF9ED60544B}"
EndProject
Project("{FAE04EC0-301F-11D3-BF4B-00C04F79EFBC}") = "BodyMassIndex.GUI", "BodyMassIndex.GUI\BodyMassIndex.GUI.csproj", "{D08AFE9B-F894-49BE-9BFC-F953E375F415}"
EndProject
Project("{FAE04EC0-301F-11D3-BF4B-00C04F79EFBC}") = "BodyMassIndex.Models", "BodyMassIndex.Models\BodyMassIndex.Models.csproj", "{17424880-2D8F-4D4E-B61C-DDF0CE96156A}"
EndProject
Global
	GlobalSection(SolutionConfigurationPlatforms) = preSolution
		Debug|Any CPU = Debug|Any CPU
		Release|Any CPU = Release|Any CPU
	EndGlobalSection
	GlobalSection(ProjectConfigurationPlatforms) = postSolution
		{D41D919F-2B8A-48E4-BE8C-9FF9ED60544B}.Debug|Any CPU.ActiveCfg = Debug|Any CPU
		{D41D919F-2B8A-48E4-BE8C-9FF9ED60544B}.Debug|Any CPU.Build.0 = Debug|Any CPU
		{D41D919F-2B8A-48E4-BE8C-9FF9ED60544B}.Release|Any CPU.ActiveCfg = Release|Any CPU
		{D41D919F-2B8A-48E4-BE8C-9FF9ED60544B}.Release|Any CPU.Build.0 = Release|Any CPU
		{D08AFE9B-F894-49BE-9BFC-F953E375F415}.Debug|Any CPU.ActiveCfg = Debug|Any CPU
		{D08AFE9B-F894-49BE-9BFC-F953E375F415}.Debug|Any CPU.Build.0 = Debug|Any CPU
		{D08AFE9B-F894-49BE-9BFC-F953E375F415}.Debug|Any CPU.Deploy.0 = Debug|Any CPU
		{D08AFE9B-F894-49BE-9BFC-F953E375F415}.Release|Any CPU.ActiveCfg = Release|Any CPU
		{D08AFE9B-F894-49BE-9BFC-F953E375F415}.Release|Any CPU.Build.0 = Release|Any CPU
		{D08AFE9B-F894-49BE-9BFC-F953E375F415}.Release|Any CPU.Deploy.0 = Release|Any CPU
		{17424880-2D8F-4D4E-B61C-DDF0CE96156A}.Debug|Any CPU.ActiveCfg = Release|Any CPU
		{17424880-2D8F-4D4E-B61C-DDF0CE96156A}.Debug|Any CPU.Build.0 = Release|Any CPU
		{17424880-2D8F-4D4E-B61C-DDF0CE96156A}.Release|Any CPU.ActiveCfg = Release|Any CPU
		{17424880-2D8F-4D4E-B61C-DDF0CE96156A}.Release|Any CPU.Build.0 = Release|Any CPU
	EndGlobalSection
	GlobalSection(SolutionProperties) = preSolution
		HideSolutionNode = FALSE
	EndGlobalSection
	GlobalSection(ExtensibilityGlobals) = postSolution
		SolutionGuid = {9B199DAD-3A4D-4477-BC9A-297429E04AB0}
	EndGlobalSection
EndGlobal
